
Microsoft Visual Studio Solution File, Format Version 12.00
# Visual Studio 15
VisualStudioVersion = 15.0.28307.572
MinimumVisualStudioVersion = 10.0.40219.1
Project("{FAE04EC0-301F-11D3-BF4B-00C04F79EFBC}") = "ScaleSample.Android", "ScaleSample\ScaleSample.Android\ScaleSample.Android.csproj", "{9B4E0536-A37A-4736-9474-76FA124AD086}"
EndProject
Project("{FAE04EC0-301F-11D3-BF4B-00C04F79EFBC}") = "ScaleSample.iOS", "ScaleSample\ScaleSample.iOS\ScaleSample.iOS.csproj", "{5827AF85-EF4A-405C-BE9C-56B9F5B74BED}"
EndProject
Project("{FAE04EC0-301F-11D3-BF4B-00C04F79EFBC}") = "ScaleSample", "ScaleSample\ScaleSample\ScaleSample.csproj", "{B55BACF7-D204-4526-8876-EB5521827B5C}"
EndProject
Global
	GlobalSection(SolutionConfigurationPlatforms) = preSolution
		Ad-Hoc|Any CPU = Ad-Hoc|Any CPU
		Ad-Hoc|iPhone = Ad-Hoc|iPhone
		Ad-Hoc|iPhoneSimulator = Ad-Hoc|iPhoneSimulator
		AppStore|Any CPU = AppStore|Any CPU
		AppStore|iPhone = AppStore|iPhone
		AppStore|iPhoneSimulator = AppStore|iPhoneSimulator
		Debug|Any CPU = Debug|Any CPU
		Debug|iPhone = Debug|iPhone
		Debug|iPhoneSimulator = Debug|iPhoneSimulator
		Release|Any CPU = Release|Any CPU
		Release|iPhone = Release|iPhone
		Release|iPhoneSimulator = Release|iPhoneSimulator
	EndGlobalSection
	GlobalSection(ProjectConfigurationPlatforms) = postSolution
		{9B4E0536-A37A-4736-9474-76FA124AD086}.Ad-Hoc|Any CPU.ActiveCfg = Release|Any CPU
		{9B4E0536-A37A-4736-9474-76FA124AD086}.Ad-Hoc|Any CPU.Build.0 = Release|Any CPU
		{9B4E0536-A37A-4736-9474-76FA124AD086}.Ad-Hoc|Any CPU.Deploy.0 = Release|Any CPU
		{9B4E0536-A37A-4736-9474-76FA124AD086}.Ad-Hoc|iPhone.ActiveCfg = Release|Any CPU
		{9B4E0536-A37A-4736-9474-76FA124AD086}.Ad-Hoc|iPhone.Build.0 = Release|Any CPU
		{9B4E0536-A37A-4736-9474-76FA124AD086}.Ad-Hoc|iPhone.Deploy.0 = Release|Any CPU
		{9B4E0536-A37A-4736-9474-76FA124AD086}.Ad-Hoc|iPhoneSimulator.ActiveCfg = Release|Any CPU
		{9B4E0536-A37A-4736-9474-76FA124AD086}.Ad-Hoc|iPhoneSimulator.Build.0 = Release|Any CPU
		{9B4E0536-A37A-4736-9474-76FA124AD086}.Ad-Hoc|iPhoneSimulator.Deploy.0 = Release|Any CPU
		{9B4E0536-A37A-4736-9474-76FA124AD086}.AppStore|Any CPU.ActiveCfg = Release|Any CPU
		{9B4E0536-A37A-4736-9474-76FA124AD086}.AppStore|Any CPU.Build.0 = Release|Any CPU
		{9B4E0536-A37A-4736-9474-76FA124AD086}.AppStore|Any CPU.Deploy.0 = Release|Any CPU
		{9B4E0536-A37A-4736-9474-76FA124AD086}.AppStore|iPhone.ActiveCfg = Release|Any CPU
		{9B4E0536-A37A-4736-9474-76FA124AD086}.AppStore|iPhone.Build.0 = Release|Any CPU
		{9B4E0536-A37A-4736-9474-76FA124AD086}.AppStore|iPhone.Deploy.0 = Release|Any CPU
		{9B4E0536-A37A-4736-9474-76FA124AD086}.AppStore|iPhoneSimulator.ActiveCfg = Release|Any CPU
		{9B4E0536-A37A-4736-9474-76FA124AD086}.AppStore|iPhoneSimulator.Build.0 = Release|Any CPU
		{9B4E0536-A37A-4736-9474-76FA124AD086}.AppStore|iPhoneSimulator.Deploy.0 = Release|Any CPU
		{9B4E0536-A37A-4736-9474-76FA124AD086}.Debug|Any CPU.ActiveCfg = Debug|Any CPU
		{9B4E0536-A37A-4736-9474-76FA124AD086}.Debug|Any CPU.Build.0 = Debug|Any CPU
		{9B4E0536-A37A-4736-9474-76FA124AD086}.Debug|Any CPU.Deploy.0 = Debug|Any CPU
		{9B4E0536-A37A-4736-9474-76FA124AD086}.Debug|iPhone.ActiveCfg = Debug|Any CPU
		{9B4E0536-A37A-4736-9474-76FA124AD086}.Debug|iPhone.Build.0 = Debug|Any CPU
		{9B4E0536-A37A-4736-9474-76FA124AD086}.Debug|iPhone.Deploy.0 = Debug|Any CPU
		{9B4E0536-A37A-4736-9474-76FA124AD086}.Debug|iPhoneSimulator.ActiveCfg = Debug|Any CPU
		{9B4E0536-A37A-4736-9474-76FA124AD086}.Debug|iPhoneSimulator.Build.0 = Debug|Any CPU
		{9B4E0536-A37A-4736-9474-76FA124AD086}.Debug|iPhoneSimulator.Deploy.0 = Debug|Any CPU
		{9B4E0536-A37A-4736-9474-76FA124AD086}.Release|Any CPU.ActiveCfg = Release|Any CPU
		{9B4E0536-A37A-4736-9474-76FA124AD086}.Release|Any CPU.Build.0 = Release|Any CPU
		{9B4E0536-A37A-4736-9474-76FA124AD086}.Release|Any CPU.Deploy.0 = Release|Any CPU
		{9B4E0536-A37A-4736-9474-76FA124AD086}.Release|iPhone.ActiveCfg = Release|Any CPU
		{9B4E0536-A37A-4736-9474-76FA124AD086}.Release|iPhone.Build.0 = Release|Any CPU
		{9B4E0536-A37A-4736-9474-76FA124AD086}.Release|iPhone.Deploy.0 = Release|Any CPU
		{9B4E0536-A37A-4736-9474-76FA124AD086}.Release|iPhoneSimulator.ActiveCfg = Release|Any CPU
		{9B4E0536-A37A-4736-9474-76FA124AD086}.Release|iPhoneSimulator.Build.0 = Release|Any CPU
		{9B4E0536-A37A-4736-9474-76FA124AD086}.Release|iPhoneSimulator.Deploy.0 = Release|Any CPU
		{5827AF85-EF4A-405C-BE9C-56B9F5B74BED}.Ad-Hoc|Any CPU.ActiveCfg = Ad-Hoc|iPhone
		{5827AF85-EF4A-405C-BE9C-56B9F5B74BED}.Ad-Hoc|Any CPU.Build.0 = Ad-Hoc|iPhone
		{5827AF85-EF4A-405C-BE9C-56B9F5B74BED}.Ad-Hoc|Any CPU.Deploy.0 = Ad-Hoc|iPhone
		{5827AF85-EF4A-405C-BE9C-56B9F5B74BED}.Ad-Hoc|iPhone.ActiveCfg = Ad-Hoc|iPhone
		{5827AF85-EF4A-405C-BE9C-56B9F5B74BED}.Ad-Hoc|iPhone.Build.0 = Ad-Hoc|iPhone
		{5827AF85-EF4A-405C-BE9C-56B9F5B74BED}.Ad-Hoc|iPhone.Deploy.0 = Ad-Hoc|iPhone
		{5827AF85-EF4A-405C-BE9C-56B9F5B74BED}.Ad-Hoc|iPhoneSimulator.ActiveCfg = Ad-Hoc|iPhoneSimulator
		{5827AF85-EF4A-405C-BE9C-56B9F5B74BED}.Ad-Hoc|iPhoneSimulator.Build.0 = Ad-Hoc|iPhoneSimulator
		{5827AF85-EF4A-405C-BE9C-56B9F5B74BED}.Ad-Hoc|iPhoneSimulator.Deploy.0 = Ad-Hoc|iPhoneSimulator
		{5827AF85-EF4A-405C-BE9C-56B9F5B74BED}.AppStore|Any CPU.ActiveCfg = AppStore|iPhone
		{5827AF85-EF4A-405C-BE9C-56B9F5B74BED}.AppStore|Any CPU.Build.0 = AppStore|iPhone
		{5827AF85-EF4A-405C-BE9C-56B9F5B74BED}.AppStore|Any CPU.Deploy.0 = AppStore|iPhone
		{5827AF85-EF4A-405C-BE9C-56B9F5B74BED}.AppStore|iPhone.ActiveCfg = AppStore|iPhone
		{5827AF85-EF4A-405C-BE9C-56B9F5B74BED}.AppStore|iPhone.Build.0 = AppStore|iPhone
		{5827AF85-EF4A-405C-BE9C-56B9F5B74BED}.AppStore|iPhone.Deploy.0 = AppStore|iPhone
		{5827AF85-EF4A-405C-BE9C-56B9F5B74BED}.AppStore|iPhoneSimulator.ActiveCfg = AppStore|iPhoneSimulator
		{5827AF85-EF4A-405C-BE9C-56B9F5B74BED}.AppStore|iPhoneSimulator.Build.0 = AppStore|iPhoneSimulator
		{5827AF85-EF4A-405C-BE9C-56B9F5B74BED}.AppStore|iPhoneSimulator.Deploy.0 = AppStore|iPhoneSimulator
		{5827AF85-EF4A-405C-BE9C-56B9F5B74BED}.Debug|Any CPU.ActiveCfg = Debug|iPhoneSimulator
		{5827AF85-EF4A-405C-BE9C-56B9F5B74BED}.Debug|Any CPU.Build.0 = Debug|iPhoneSimulator
		{5827AF85-EF4A-405C-BE9C-56B9F5B74BED}.Debug|Any CPU.Deploy.0 = Debug|iPhoneSimulator
		{5827AF85-EF4A-405C-BE9C-56B9F5B74BED}.Debug|iPhone.ActiveCfg = Debug|iPhone
		{5827AF85-EF4A-405C-BE9C-56B9F5B74BED}.Debug|iPhone.Build.0 = Debug|iPhone
		{5827AF85-EF4A-405C-BE9C-56B9F5B74BED}.Debug|iPhone.Deploy.0 = Debug|iPhone
		{5827AF85-EF4A-405C-BE9C-56B9F5B74BED}.Debug|iPhoneSimulator.ActiveCfg = Debug|iPhoneSimulator
		{5827AF85-EF4A-405C-BE9C-56B9F5B74BED}.Debug|iPhoneSimulator.Build.0 = Debug|iPhoneSimulator
		{5827AF85-EF4A-405C-BE9C-56B9F5B74BED}.Debug|iPhoneSimulator.Deploy.0 = Debug|iPhoneSimulator
		{5827AF85-EF4A-405C-BE9C-56B9F5B74BED}.Release|Any CPU.ActiveCfg = Release|iPhone
		{5827AF85-EF4A-405C-BE9C-56B9F5B74BED}.Release|Any CPU.Build.0 = Release|iPhone
		{5827AF85-EF4A-405C-BE9C-56B9F5B74BED}.Release|Any CPU.Deploy.0 = Release|iPhone
		{5827AF85-EF4A-405C-BE9C-56B9F5B74BED}.Release|iPhone.ActiveCfg = Release|iPhone
		{5827AF85-EF4A-405C-BE9C-56B9F5B74BED}.Release|iPhone.Build.0 = Release|iPhone
		{5827AF85-EF4A-405C-BE9C-56B9F5B74BED}.Release|iPhone.Deploy.0 = Release|iPhone
		{5827AF85-EF4A-405C-BE9C-56B9F5B74BED}.Release|iPhoneSimulator.ActiveCfg = Release|iPhoneSimulator
		{5827AF85-EF4A-405C-BE9C-56B9F5B74BED}.Release|iPhoneSimulator.Build.0 = Release|iPhoneSimulator
		{5827AF85-EF4A-405C-BE9C-56B9F5B74BED}.Release|iPhoneSimulator.Deploy.0 = Release|iPhoneSimulator
		{B55BACF7-D204-4526-8876-EB5521827B5C}.Ad-Hoc|Any CPU.ActiveCfg = Debug|Any CPU
		{B55BACF7-D204-4526-8876-EB5521827B5C}.Ad-Hoc|Any CPU.Build.0 = Debug|Any CPU
		{B55BACF7-D204-4526-8876-EB5521827B5C}.Ad-Hoc|Any CPU.Deploy.0 = Debug|Any CPU
		{B55BACF7-D204-4526-8876-EB5521827B5C}.Ad-Hoc|iPhone.ActiveCfg = Debug|Any CPU
		{B55BACF7-D204-4526-8876-EB5521827B5C}.Ad-Hoc|iPhone.Build.0 = Debug|Any CPU
		{B55BACF7-D204-4526-8876-EB5521827B5C}.Ad-Hoc|iPhone.Deploy.0 = Debug|Any CPU
		{B55BACF7-D204-4526-8876-EB5521827B5C}.Ad-Hoc|iPhoneSimulator.ActiveCfg = Debug|Any CPU
		{B55BACF7-D204-4526-8876-EB5521827B5C}.Ad-Hoc|iPhoneSimulator.Build.0 = Debug|Any CPU
		{B55BACF7-D204-4526-8876-EB5521827B5C}.Ad-Hoc|iPhoneSimulator.Deploy.0 = Debug|Any CPU
		{B55BACF7-D204-4526-8876-EB5521827B5C}.AppStore|Any CPU.ActiveCfg = Debug|Any CPU
		{B55BACF7-D204-4526-8876-EB5521827B5C}.AppStore|Any CPU.Build.0 = Debug|Any CPU
		{B55BACF7-D204-4526-8876-EB5521827B5C}.AppStore|Any CPU.Deploy.0 = Debug|Any CPU
		{B55BACF7-D204-4526-8876-EB5521827B5C}.AppStore|iPhone.ActiveCfg = Debug|Any CPU
		{B55BACF7-D204-4526-8876-EB5521827B5C}.AppStore|iPhone.Build.0 = Debug|Any CPU
		{B55BACF7-D204-4526-8876-EB5521827B5C}.AppStore|iPhone.Deploy.0 = Debug|Any CPU
		{B55BACF7-D204-4526-8876-EB5521827B5C}.AppStore|iPhoneSimulator.ActiveCfg = Debug|Any CPU
		{B55BACF7-D204-4526-8876-EB5521827B5C}.AppStore|iPhoneSimulator.Build.0 = Debug|Any CPU
		{B55BACF7-D204-4526-8876-EB5521827B5C}.AppStore|iPhoneSimulator.Deploy.0 = Debug|Any CPU
		{B55BACF7-D204-4526-8876-EB5521827B5C}.Debug|Any CPU.ActiveCfg = Debug|Any CPU
		{B55BACF7-D204-4526-8876-EB5521827B5C}.Debug|Any CPU.Build.0 = Debug|Any CPU
		{B55BACF7-D204-4526-8876-EB5521827B5C}.Debug|Any CPU.Deploy.0 = Debug|Any CPU
		{B55BACF7-D204-4526-8876-EB5521827B5C}.Debug|iPhone.ActiveCfg = Debug|Any CPU
		{B55BACF7-D204-4526-8876-EB5521827B5C}.Debug|iPhone.Build.0 = Debug|Any CPU
		{B55BACF7-D204-4526-8876-EB5521827B5C}.Debug|iPhone.Deploy.0 = Debug|Any CPU
		{B55BACF7-D204-4526-8876-EB5521827B5C}.Debug|iPhoneSimulator.ActiveCfg = Debug|Any CPU
		{B55BACF7-D204-4526-8876-EB5521827B5C}.Debug|iPhoneSimulator.Build.0 = Debug|Any CPU
		{B55BACF7-D204-4526-8876-EB5521827B5C}.Debug|iPhoneSimulator.Deploy.0 = Debug|Any CPU
		{B55BACF7-D204-4526-8876-EB5521827B5C}.Release|Any CPU.ActiveCfg = Release|Any CPU
		{B55BACF7-D204-4526-8876-EB5521827B5C}.Release|Any CPU.Build.0 = Release|Any CPU
		{B55BACF7-D204-4526-8876-EB5521827B5C}.Release|Any CPU.Deploy.0 = Release|Any CPU
		{B55BACF7-D204-4526-8876-EB5521827B5C}.Release|iPhone.ActiveCfg = Release|Any CPU
		{B55BACF7-D204-4526-8876-EB5521827B5C}.Release|iPhone.Build.0 = Release|Any CPU
		{B55BACF7-D204-4526-8876-EB5521827B5C}.Release|iPhone.Deploy.0 = Release|Any CPU
		{B55BACF7-D204-4526-8876-EB5521827B5C}.Release|iPhoneSimulator.ActiveCfg = Release|Any CPU
		{B55BACF7-D204-4526-8876-EB5521827B5C}.Release|iPhoneSimulator.Build.0 = Release|Any CPU
		{B55BACF7-D204-4526-8876-EB5521827B5C}.Release|iPhoneSimulator.Deploy.0 = Release|Any CPU
	EndGlobalSection
	GlobalSection(SolutionProperties) = preSolution
		HideSolutionNode = FALSE
	EndGlobalSection
	GlobalSection(ExtensibilityGlobals) = postSolution
		SolutionGuid = {FEE8952A-88A5-445B-9A31-E2C816E80AB9}
	EndGlobalSection
EndGlobal
